
Microsoft Visual Studio Solution File, Format Version 12.00
# Visual Studio Version 17
VisualStudioVersion = 17.4.33213.308
MinimumVisualStudioVersion = 10.0.40219.1
Project("{FAE04EC0-301F-11D3-BF4B-00C04F79EFBC}") = "WebApiDotnetCURDOperations", "WebApiDotnetCURDOperations\WebApiDotnetCURDOperations.csproj", "{16E75654-5BC3-4D61-8FA6-C4051EC3A52B}"
EndProject
Global
	GlobalSection(SolutionConfigurationPlatforms) = preSolution
		Debug|Any CPU = Debug|Any CPU
		Release|Any CPU = Release|Any CPU
	EndGlobalSection
	GlobalSection(ProjectConfigurationPlatforms) = postSolution
		{16E75654-5BC3-4D61-8FA6-C4051EC3A52B}.Debug|Any CPU.ActiveCfg = Debug|Any CPU
		{16E75654-5BC3-4D61-8FA6-C4051EC3A52B}.Debug|Any CPU.Build.0 = Debug|Any CPU
		{16E75654-5BC3-4D61-8FA6-C4051EC3A52B}.Release|Any CPU.ActiveCfg = Release|Any CPU
		{16E75654-5BC3-4D61-8FA6-C4051EC3A52B}.Release|Any CPU.Build.0 = Release|Any CPU
	EndGlobalSection
	GlobalSection(SolutionProperties) = preSolution
		HideSolutionNode = FALSE
	EndGlobalSection
	GlobalSection(ExtensibilityGlobals) = postSolution
		SolutionGuid = {822ED68E-E8E1-4D1E-BDC6-CD59B9DEC405}
	EndGlobalSection
EndGlobal
